
Microsoft Visual Studio Solution File, Format Version 12.00
# Visual Studio Version 17
VisualStudioVersion = 17.1.32210.238
MinimumVisualStudioVersion = 10.0.40219.1
Project("{FAE04EC0-301F-11D3-BF4B-00C04F79EFBC}") = "ProyPRAD.Android", "ProyPRAD\ProyPRAD.Android\ProyPRAD.Android.csproj", "{490EA81D-5C6C-42FD-BEBC-589D58AE7187}"
EndProject
Project("{FAE04EC0-301F-11D3-BF4B-00C04F79EFBC}") = "ProyPRAD", "ProyPRAD\ProyPRAD\ProyPRAD.csproj", "{44707EFC-F3FC-48E4-9509-0C160853DE2C}"
EndProject
Global
	GlobalSection(SolutionConfigurationPlatforms) = preSolution
		Debug|Any CPU = Debug|Any CPU
		Release|Any CPU = Release|Any CPU
	EndGlobalSection
	GlobalSection(ProjectConfigurationPlatforms) = postSolution
		{490EA81D-5C6C-42FD-BEBC-589D58AE7187}.Debug|Any CPU.ActiveCfg = Debug|Any CPU
		{490EA81D-5C6C-42FD-BEBC-589D58AE7187}.Debug|Any CPU.Build.0 = Debug|Any CPU
		{490EA81D-5C6C-42FD-BEBC-589D58AE7187}.Debug|Any CPU.Deploy.0 = Debug|Any CPU
		{490EA81D-5C6C-42FD-BEBC-589D58AE7187}.Release|Any CPU.ActiveCfg = Release|Any CPU
		{490EA81D-5C6C-42FD-BEBC-589D58AE7187}.Release|Any CPU.Build.0 = Release|Any CPU
		{490EA81D-5C6C-42FD-BEBC-589D58AE7187}.Release|Any CPU.Deploy.0 = Release|Any CPU
		{44707EFC-F3FC-48E4-9509-0C160853DE2C}.Debug|Any CPU.ActiveCfg = Debug|Any CPU
		{44707EFC-F3FC-48E4-9509-0C160853DE2C}.Debug|Any CPU.Build.0 = Debug|Any CPU
		{44707EFC-F3FC-48E4-9509-0C160853DE2C}.Debug|Any CPU.Deploy.0 = Debug|Any CPU
		{44707EFC-F3FC-48E4-9509-0C160853DE2C}.Release|Any CPU.ActiveCfg = Release|Any CPU
		{44707EFC-F3FC-48E4-9509-0C160853DE2C}.Release|Any CPU.Build.0 = Release|Any CPU
		{44707EFC-F3FC-48E4-9509-0C160853DE2C}.Release|Any CPU.Deploy.0 = Release|Any CPU
	EndGlobalSection
	GlobalSection(SolutionProperties) = preSolution
		HideSolutionNode = FALSE
	EndGlobalSection
	GlobalSection(ExtensibilityGlobals) = postSolution
		SolutionGuid = {D3DE114D-6600-4616-8CB9-4BE6E7D3810F}
	EndGlobalSection
EndGlobal
